
Microsoft Visual Studio Solution File, Format Version 12.00
# Visual Studio 15
Project("{FAE04EC0-301F-11D3-BF4B-00C04F79EFBC}") = "Assembly-CSharp", "Assembly-CSharp.csproj", "{EE852E0D-73EF-919A-805B-D38D38B20B1B}"
EndProject
Global
	GlobalSection(SolutionConfigurationPlatforms) = preSolution
		Debug|Any CPU = Debug|Any CPU
		Release|Any CPU = Release|Any CPU
	EndGlobalSection
	GlobalSection(ProjectConfigurationPlatforms) = postSolution
		{EE852E0D-73EF-919A-805B-D38D38B20B1B}.Debug|Any CPU.ActiveCfg = Debug|Any CPU
		{EE852E0D-73EF-919A-805B-D38D38B20B1B}.Debug|Any CPU.Build.0 = Debug|Any CPU
		{EE852E0D-73EF-919A-805B-D38D38B20B1B}.Release|Any CPU.ActiveCfg = Release|Any CPU
		{EE852E0D-73EF-919A-805B-D38D38B20B1B}.Release|Any CPU.Build.0 = Release|Any CPU
	EndGlobalSection
	GlobalSection(SolutionProperties) = preSolution
		HideSolutionNode = FALSE
	EndGlobalSection
EndGlobal
